
Microsoft Visual Studio Solution File, Format Version 12.00
# Visual Studio 15
VisualStudioVersion = 15.0.27004.2002
MinimumVisualStudioVersion = 10.0.40219.1
Project("{FAE04EC0-301F-11D3-BF4B-00C04F79EFBC}") = "Kouluharjoitus", "Kouluharjoitus\Kouluharjoitus.csproj", "{B2483AFA-70B3-4545-A280-1AFBA25AFE7E}"
EndProject
Global
	GlobalSection(SolutionConfigurationPlatforms) = preSolution
		Debug|Any CPU = Debug|Any CPU
		Release|Any CPU = Release|Any CPU
	EndGlobalSection
	GlobalSection(ProjectConfigurationPlatforms) = postSolution
		{B2483AFA-70B3-4545-A280-1AFBA25AFE7E}.Debug|Any CPU.ActiveCfg = Debug|Any CPU
		{B2483AFA-70B3-4545-A280-1AFBA25AFE7E}.Debug|Any CPU.Build.0 = Debug|Any CPU
		{B2483AFA-70B3-4545-A280-1AFBA25AFE7E}.Release|Any CPU.ActiveCfg = Release|Any CPU
		{B2483AFA-70B3-4545-A280-1AFBA25AFE7E}.Release|Any CPU.Build.0 = Release|Any CPU
	EndGlobalSection
	GlobalSection(SolutionProperties) = preSolution
		HideSolutionNode = FALSE
	EndGlobalSection
	GlobalSection(ExtensibilityGlobals) = postSolution
		SolutionGuid = {19343A62-15E8-4F7A-A454-AE98F111CB57}
	EndGlobalSection
EndGlobal
